# THIS IS AN AUTOGENERATED FILE. DO NOT EDIT THIS FILE DIRECTLY.
# yarn lockfile v1


vue-spinners@^1.0.2:
  version "1.0.2"
  resolved "https://registry.yarnpkg.com/vue-spinners/-/vue-spinners-1.0.2.tgz#95cf4fd2e733900911e36b372febb536af95f6ed"
  integrity sha512-Wndmjn9PN5Y+L1m94n7rMqzhi+2QZMMqJtF9hDW13K2wa5x73Yguh99zcbSLQJyz7mwQ4xQOWbOFIyklgHdOLw==
